Microsoft Visual Studio Solution File, Format Version 12.00
# Visual Studio Version 17
VisualStudioVersion = 17.4.33213.308
MinimumVisualStudioVersion = 10.0.40219.1
Project("{8BC9CEB8-8B4A-11D0-8D11-00A0C91BC942}") = "LoginServer", "LoginServer\LoginServer.vcxproj", "{5794CA16-E428-4219-9064-881B2EE99C79}"
EndProject
Project("{8BC9CEB8-8B4A-11D0-8D11-00A0C91BC942}") = "Client", "Client\Client.vcxproj", "{013AE1AE-2466-4CF5-BED4-8CB8423B3EC0}"
EndProject
Project("{8BC9CEB8-8B4A-11D0-8D11-00A0C91BC942}") = "GameServer", "GameServer\GameServer.vcxproj", "{AC3F3BDB-3BA1-4B07-979F-1FC33C1D9C12}"
EndProject
Project("{8BC9CEB8-8B4A-11D0-8D11-00A0C91BC942}") = "UnitTets_GameServer", "UnitTets_GameServer\UnitTets_GameServer.vcxproj", "{FF022E62-CC92-473F-A9C8-35E4B13A4A40}"
EndProject
Project("{8BC9CEB8-8B4A-11D0-8D11-00A0C91BC942}") = "UnitTest_Client", "UnitTest_Client\UnitTest_Client.vcxproj", "{B964078A-4701-4B0C-A66F-15E2A4D3F5A0}"
EndProject
Project("{8BC9CEB8-8B4A-11D0-8D11-00A0C91BC942}") = "SignupWF", "SignupWF\SignupWF.vcxproj", "{BCEB7FB5-663F-4A6A-8705-FD8FACCEFB3B}"
EndProject
Project("{8BC9CEB8-8B4A-11D0-8D11-00A0C91BC942}") = "UnitTest_LoginServer", "UnitTest_LoginServer\UnitTest_LoginServer.vcxproj", "{F82A736B-5385-4A84-AF8B-FA3EBB09F63E}"
EndProject
Project("{8BC9CEB8-8B4A-11D0-8D11-00A0C91BC942}") = "JudgeWF", "JudgeWF\JudgeWF.vcxproj", "{6BAF548A-38BC-4EF3-978F-F49B859BAE70}"
EndProject
Project("{8BC9CEB8-8B4A-11D0-8D11-00A0C91BC942}") = "GUI", "GUI\LoginWindowsForm.vcxproj", "{B03E24E1-5C47-4EB3-A820-D646F11ABDDA}"
EndProject
Global
	GlobalSection(SolutionConfigurationPlatforms) = preSolution
		Debug|x64 = Debug|x64
		Debug|x86 = Debug|x86
		Release|x64 = Release|x64
		Release|x86 = Release|x86
	EndGlobalSection
	GlobalSection(ProjectConfigurationPlatforms) = postSolution
		{5794CA16-E428-4219-9064-881B2EE99C79}.Debug|x64.ActiveCfg = Debug|x64
		{5794CA16-E428-4219-9064-881B2EE99C79}.Debug|x64.Build.0 = Debug|x64
		{5794CA16-E428-4219-9064-881B2EE99C79}.Debug|x86.ActiveCfg = Debug|Win32
		{5794CA16-E428-4219-9064-881B2EE99C79}.Debug|x86.Build.0 = Debug|Win32
		{5794CA16-E428-4219-9064-881B2EE99C79}.Release|x64.ActiveCfg = Release|x64
		{5794CA16-E428-4219-9064-881B2EE99C79}.Release|x64.Build.0 = Release|x64
		{5794CA16-E428-4219-9064-881B2EE99C79}.Release|x86.ActiveCfg = Release|Win32
		{5794CA16-E428-4219-9064-881B2EE99C79}.Release|x86.Build.0 = Release|Win32
		{013AE1AE-2466-4CF5-BED4-8CB8423B3EC0}.Debug|x64.ActiveCfg = Debug|x64
		{013AE1AE-2466-4CF5-BED4-8CB8423B3EC0}.Debug|x64.Build.0 = Debug|x64
		{013AE1AE-2466-4CF5-BED4-8CB8423B3EC0}.Debug|x86.ActiveCfg = Debug|Win32
		{013AE1AE-2466-4CF5-BED4-8CB8423B3EC0}.Debug|x86.Build.0 = Debug|Win32
		{013AE1AE-2466-4CF5-BED4-8CB8423B3EC0}.Release|x64.ActiveCfg = Release|x64
		{013AE1AE-2466-4CF5-BED4-8CB8423B3EC0}.Release|x64.Build.0 = Release|x64
		{013AE1AE-2466-4CF5-BED4-8CB8423B3EC0}.Release|x86.ActiveCfg = Release|Win32
		{013AE1AE-2466-4CF5-BED4-8CB8423B3EC0}.Release|x86.Build.0 = Release|Win32
		{AC3F3BDB-3BA1-4B07-979F-1FC33C1D9C12}.Debug|x64.ActiveCfg = Debug|x64
		{AC3F3BDB-3BA1-4B07-979F-1FC33C1D9C12}.Debug|x64.Build.0 = Debug|x64
		{AC3F3BDB-3BA1-4B07-979F-1FC33C1D9C12}.Debug|x86.ActiveCfg = Debug|Win32
		{AC3F3BDB-3BA1-4B07-979F-1FC33C1D9C12}.Debug|x86.Build.0 = Debug|Win32
		{AC3F3BDB-3BA1-4B07-979F-1FC33C1D9C12}.Release|x64.ActiveCfg = Release|x64
		{AC3F3BDB-3BA1-4B07-979F-1FC33C1D9C12}.Release|x64.Build.0 = Release|x64
		{AC3F3BDB-3BA1-4B07-979F-1FC33C1D9C12}.Release|x86.ActiveCfg = Release|Win32
		{AC3F3BDB-3BA1-4B07-979F-1FC33C1D9C12}.Release|x86.Build.0 = Release|Win32
		{FF022E62-CC92-473F-A9C8-35E4B13A4A40}.Debug|x64.ActiveCfg = Debug|x64
		{FF022E62-CC92-473F-A9C8-35E4B13A4A40}.Debug|x64.Build.0 = Debug|x64
		{FF022E62-CC92-473F-A9C8-35E4B13A4A40}.Debug|x86.ActiveCfg = Debug|Win32
		{FF022E62-CC92-473F-A9C8-35E4B13A4A40}.Debug|x86.Build.0 = Debug|Win32
		{FF022E62-CC92-473F-A9C8-35E4B13A4A40}.Release|x64.ActiveCfg = Release|x64
		{FF022E62-CC92-473F-A9C8-35E4B13A4A40}.Release|x64.Build.0 = Release|x64
		{FF022E62-CC92-473F-A9C8-35E4B13A4A40}.Release|x86.ActiveCfg = Release|Win32
		{FF022E62-CC92-473F-A9C8-35E4B13A4A40}.Release|x86.Build.0 = Release|Win32
		{B964078A-4701-4B0C-A66F-15E2A4D3F5A0}.Debug|x64.ActiveCfg = Debug|x64
		{B964078A-4701-4B0C-A66F-15E2A4D3F5A0}.Debug|x64.Build.0 = Debug|x64
		{B964078A-4701-4B0C-A66F-15E2A4D3F5A0}.Debug|x86.ActiveCfg = Debug|Win32
		{B964078A-4701-4B0C-A66F-15E2A4D3F5A0}.Debug|x86.Build.0 = Debug|Win32
		{B964078A-4701-4B0C-A66F-15E2A4D3F5A0}.Release|x64.ActiveCfg = Release|x64
		{B964078A-4701-4B0C-A66F-15E2A4D3F5A0}.Release|x64.Build.0 = Release|x64
		{B964078A-4701-4B0C-A66F-15E2A4D3F5A0}.Release|x86.ActiveCfg = Release|Win32
		{B964078A-4701-4B0C-A66F-15E2A4D3F5A0}.Release|x86.Build.0 = Release|Win32
		{BCEB7FB5-663F-4A6A-8705-FD8FACCEFB3B}.Debug|x64.ActiveCfg = Debug|x64
		{BCEB7FB5-663F-4A6A-8705-FD8FACCEFB3B}.Debug|x64.Build.0 = Debug|x64
		{BCEB7FB5-663F-4A6A-8705-FD8FACCEFB3B}.Debug|x86.ActiveCfg = Debug|Win32
		{BCEB7FB5-663F-4A6A-8705-FD8FACCEFB3B}.Debug|x86.Build.0 = Debug|Win32
		{BCEB7FB5-663F-4A6A-8705-FD8FACCEFB3B}.Release|x64.ActiveCfg = Release|x64
		{BCEB7FB5-663F-4A6A-8705-FD8FACCEFB3B}.Release|x64.Build.0 = Release|x64
		{BCEB7FB5-663F-4A6A-8705-FD8FACCEFB3B}.Release|x86.ActiveCfg = Release|Win32
		{BCEB7FB5-663F-4A6A-8705-FD8FACCEFB3B}.Release|x86.Build.0 = Release|Win32
		{F82A736B-5385-4A84-AF8B-FA3EBB09F63E}.Debug|x64.ActiveCfg = Debug|x64
		{F82A736B-5385-4A84-AF8B-FA3EBB09F63E}.Debug|x64.Build.0 = Debug|x64
		{F82A736B-5385-4A84-AF8B-FA3EBB09F63E}.Debug|x86.ActiveCfg = Debug|Win32
		{F82A736B-5385-4A84-AF8B-FA3EBB09F63E}.Debug|x86.Build.0 = Debug|Win32
		{F82A736B-5385-4A84-AF8B-FA3EBB09F63E}.Release|x64.ActiveCfg = Release|x64
		{F82A736B-5385-4A84-AF8B-FA3EBB09F63E}.Release|x64.Build.0 = Release|x64
		{F82A736B-5385-4A84-AF8B-FA3EBB09F63E}.Release|x86.ActiveCfg = Release|Win32
		{F82A736B-5385-4A84-AF8B-FA3EBB09F63E}.Release|x86.Build.0 = Release|Win32
		{6BAF548A-38BC-4EF3-978F-F49B859BAE70}.Debug|x64.ActiveCfg = Debug|x64
		{6BAF548A-38BC-4EF3-978F-F49B859BAE70}.Debug|x64.Build.0 = Debug|x64
		{6BAF548A-38BC-4EF3-978F-F49B859BAE70}.Debug|x86.ActiveCfg = Debug|Win32
		{6BAF548A-38BC-4EF3-978F-F49B859BAE70}.Debug|x86.Build.0 = Debug|Win32
		{6BAF548A-38BC-4EF3-978F-F49B859BAE70}.Release|x64.ActiveCfg = Release|x64
		{6BAF548A-38BC-4EF3-978F-F49B859BAE70}.Release|x64.Build.0 = Release|x64
		{6BAF548A-38BC-4EF3-978F-F49B859BAE70}.Release|x86.ActiveCfg = Release|Win32
		{6BAF548A-38BC-4EF3-978F-F49B859BAE70}.Release|x86.Build.0 = Release|Win32
		{B03E24E1-5C47-4EB3-A820-D646F11ABDDA}.Debug|x64.ActiveCfg = Debug|x64
		{B03E24E1-5C47-4EB3-A820-D646F11ABDDA}.Debug|x64.Build.0 = Debug|x64
		{B03E24E1-5C47-4EB3-A820-D646F11ABDDA}.Debug|x86.ActiveCfg = Debug|Win32
		{B03E24E1-5C47-4EB3-A820-D646F11ABDDA}.Debug|x86.Build.0 = Debug|Win32
		{B03E24E1-5C47-4EB3-A820-D646F11ABDDA}.Release|x64.ActiveCfg = Release|x64
		{B03E24E1-5C47-4EB3-A820-D646F11ABDDA}.Release|x64.Build.0 = Release|x64
		{B03E24E1-5C47-4EB3-A820-D646F11ABDDA}.Release|x86.ActiveCfg = Release|Win32
		{B03E24E1-5C47-4EB3-A820-D646F11ABDDA}.Release|x86.Build.0 = Release|Win32
	EndGlobalSection
	GlobalSection(SolutionProperties) = preSolution
		HideSolutionNode = FALSE
	EndGlobalSection
	GlobalSection(ExtensibilityGlobals) = postSolution
		SolutionGuid = {D0C4FDA4-F253-48EC-BBDE-3BDEA580C6AD}
	EndGlobalSection
EndGlobal
