
Microsoft Visual Studio Solution File, Format Version 12.00
# Visual Studio Version 17
VisualStudioVersion = 17.4.33213.308
MinimumVisualStudioVersion = 10.0.40219.1
Project("{8BC9CEB8-8B4A-11D0-8D11-00A0C91BC942}") = "LoginServer", "LoginServer\LoginServer.vcxproj", "{5794CA16-E428-4219-9064-881B2EE99C79}"
EndProject
Project("{8BC9CEB8-8B4A-11D0-8D11-00A0C91BC942}") = "Client", "Client\Client.vcxproj", "{013AE1AE-2466-4CF5-BED4-8CB8423B3EC0}"
EndProject
Project("{8BC9CEB8-8B4A-11D0-8D11-00A0C91BC942}") = "GameServer", "GameServer\GameServer.vcxproj", "{AC3F3BDB-3BA1-4B07-979F-1FC33C1D9C12}"
EndProject
Project("{8BC9CEB8-8B4A-11D0-8D11-00A0C91BC942}") = "LoginWF", "LoginWF\LoginWF.vcxproj", "{7A815A1C-FB3C-493B-82E7-58EECB458C3F}"
EndProject
Project("{8BC9CEB8-8B4A-11D0-8D11-00A0C91BC942}") = "SignupWF", "SignupWF\SignupWF.vcxproj", "{BCEB7FB5-663F-4A6A-8705-FD8FACCEFB3B}"
EndProject
Project("{8BC9CEB8-8B4A-11D0-8D11-00A0C91BC942}") = "ChatWF", "ChatWF\ChatWF.vcxproj", "{1F84D6D5-1F1F-43D5-95F5-9164CE17F3B1}"
EndProject
Project("{8BC9CEB8-8B4A-11D0-8D11-00A0C91BC942}") = "UnitTest_LoginServer", "UnitTest_LoginServer\UnitTest_LoginServer.vcxproj", "{F82A736B-5385-4A84-AF8B-FA3EBB09F63E}"
EndProject
Global
	GlobalSection(SolutionConfigurationPlatforms) = preSolution
		Debug|x64 = Debug|x64
		Debug|x86 = Debug|x86
		Release|x64 = Release|x64
		Release|x86 = Release|x86
	EndGlobalSection
	GlobalSection(ProjectConfigurationPlatforms) = postSolution
		{5794CA16-E428-4219-9064-881B2EE99C79}.Debug|x64.ActiveCfg = Debug|x64
		{5794CA16-E428-4219-9064-881B2EE99C79}.Debug|x64.Build.0 = Debug|x64
		{5794CA16-E428-4219-9064-881B2EE99C79}.Debug|x86.ActiveCfg = Debug|Win32
		{5794CA16-E428-4219-9064-881B2EE99C79}.Debug|x86.Build.0 = Debug|Win32
		{5794CA16-E428-4219-9064-881B2EE99C79}.Release|x64.ActiveCfg = Release|x64
		{5794CA16-E428-4219-9064-881B2EE99C79}.Release|x64.Build.0 = Release|x64
		{5794CA16-E428-4219-9064-881B2EE99C79}.Release|x86.ActiveCfg = Release|Win32
		{5794CA16-E428-4219-9064-881B2EE99C79}.Release|x86.Build.0 = Release|Win32
		{013AE1AE-2466-4CF5-BED4-8CB8423B3EC0}.Debug|x64.ActiveCfg = Debug|x64
		{013AE1AE-2466-4CF5-BED4-8CB8423B3EC0}.Debug|x64.Build.0 = Debug|x64
		{013AE1AE-2466-4CF5-BED4-8CB8423B3EC0}.Debug|x86.ActiveCfg = Debug|Win32
		{013AE1AE-2466-4CF5-BED4-8CB8423B3EC0}.Debug|x86.Build.0 = Debug|Win32
		{013AE1AE-2466-4CF5-BED4-8CB8423B3EC0}.Release|x64.ActiveCfg = Release|x64
		{013AE1AE-2466-4CF5-BED4-8CB8423B3EC0}.Release|x64.Build.0 = Release|x64
		{013AE1AE-2466-4CF5-BED4-8CB8423B3EC0}.Release|x86.ActiveCfg = Release|Win32
		{013AE1AE-2466-4CF5-BED4-8CB8423B3EC0}.Release|x86.Build.0 = Release|Win32
		{AC3F3BDB-3BA1-4B07-979F-1FC33C1D9C12}.Debug|x64.ActiveCfg = Debug|x64
		{AC3F3BDB-3BA1-4B07-979F-1FC33C1D9C12}.Debug|x64.Build.0 = Debug|x64
		{AC3F3BDB-3BA1-4B07-979F-1FC33C1D9C12}.Debug|x86.ActiveCfg = Debug|Win32
		{AC3F3BDB-3BA1-4B07-979F-1FC33C1D9C12}.Debug|x86.Build.0 = Debug|Win32
		{AC3F3BDB-3BA1-4B07-979F-1FC33C1D9C12}.Release|x64.ActiveCfg = Release|x64
		{AC3F3BDB-3BA1-4B07-979F-1FC33C1D9C12}.Release|x64.Build.0 = Release|x64
		{AC3F3BDB-3BA1-4B07-979F-1FC33C1D9C12}.Release|x86.ActiveCfg = Release|Win32
		{AC3F3BDB-3BA1-4B07-979F-1FC33C1D9C12}.Release|x86.Build.0 = Release|Win32
		{7A815A1C-FB3C-493B-82E7-58EECB458C3F}.Debug|x64.ActiveCfg = Debug|x64
		{7A815A1C-FB3C-493B-82E7-58EECB458C3F}.Debug|x64.Build.0 = Debug|x64
		{7A815A1C-FB3C-493B-82E7-58EECB458C3F}.Debug|x86.ActiveCfg = Debug|Win32
		{7A815A1C-FB3C-493B-82E7-58EECB458C3F}.Debug|x86.Build.0 = Debug|Win32
		{7A815A1C-FB3C-493B-82E7-58EECB458C3F}.Release|x64.ActiveCfg = Release|x64
		{7A815A1C-FB3C-493B-82E7-58EECB458C3F}.Release|x64.Build.0 = Release|x64
		{7A815A1C-FB3C-493B-82E7-58EECB458C3F}.Release|x86.ActiveCfg = Release|Win32
		{7A815A1C-FB3C-493B-82E7-58EECB458C3F}.Release|x86.Build.0 = Release|Win32
		{BCEB7FB5-663F-4A6A-8705-FD8FACCEFB3B}.Debug|x64.ActiveCfg = Debug|x64
		{BCEB7FB5-663F-4A6A-8705-FD8FACCEFB3B}.Debug|x64.Build.0 = Debug|x64
		{BCEB7FB5-663F-4A6A-8705-FD8FACCEFB3B}.Debug|x86.ActiveCfg = Debug|Win32
		{BCEB7FB5-663F-4A6A-8705-FD8FACCEFB3B}.Debug|x86.Build.0 = Debug|Win32
		{BCEB7FB5-663F-4A6A-8705-FD8FACCEFB3B}.Release|x64.ActiveCfg = Release|x64
		{BCEB7FB5-663F-4A6A-8705-FD8FACCEFB3B}.Release|x64.Build.0 = Release|x64
		{BCEB7FB5-663F-4A6A-8705-FD8FACCEFB3B}.Release|x86.ActiveCfg = Release|Win32
		{BCEB7FB5-663F-4A6A-8705-FD8FACCEFB3B}.Release|x86.Build.0 = Release|Win32
		{1F84D6D5-1F1F-43D5-95F5-9164CE17F3B1}.Debug|x64.ActiveCfg = Debug|x64
		{1F84D6D5-1F1F-43D5-95F5-9164CE17F3B1}.Debug|x64.Build.0 = Debug|x64
		{1F84D6D5-1F1F-43D5-95F5-9164CE17F3B1}.Debug|x86.ActiveCfg = Debug|Win32
		{1F84D6D5-1F1F-43D5-95F5-9164CE17F3B1}.Debug|x86.Build.0 = Debug|Win32
		{1F84D6D5-1F1F-43D5-95F5-9164CE17F3B1}.Release|x64.ActiveCfg = Release|x64
		{1F84D6D5-1F1F-43D5-95F5-9164CE17F3B1}.Release|x64.Build.0 = Release|x64
		{1F84D6D5-1F1F-43D5-95F5-9164CE17F3B1}.Release|x86.ActiveCfg = Release|Win32
		{1F84D6D5-1F1F-43D5-95F5-9164CE17F3B1}.Release|x86.Build.0 = Release|Win32
		{F82A736B-5385-4A84-AF8B-FA3EBB09F63E}.Debug|x64.ActiveCfg = Debug|x64
		{F82A736B-5385-4A84-AF8B-FA3EBB09F63E}.Debug|x64.Build.0 = Debug|x64
		{F82A736B-5385-4A84-AF8B-FA3EBB09F63E}.Debug|x86.ActiveCfg = Debug|Win32
		{F82A736B-5385-4A84-AF8B-FA3EBB09F63E}.Debug|x86.Build.0 = Debug|Win32
		{F82A736B-5385-4A84-AF8B-FA3EBB09F63E}.Release|x64.ActiveCfg = Release|x64
		{F82A736B-5385-4A84-AF8B-FA3EBB09F63E}.Release|x64.Build.0 = Release|x64
		{F82A736B-5385-4A84-AF8B-FA3EBB09F63E}.Release|x86.ActiveCfg = Release|Win32
		{F82A736B-5385-4A84-AF8B-FA3EBB09F63E}.Release|x86.Build.0 = Release|Win32
	EndGlobalSection
	GlobalSection(SolutionProperties) = preSolution
		HideSolutionNode = FALSE
	EndGlobalSection
	GlobalSection(ExtensibilityGlobals) = postSolution
		SolutionGuid = {D0C4FDA4-F253-48EC-BBDE-3BDEA580C6AD}
	EndGlobalSection
EndGlobal
